
Microsoft Visual Studio Solution File, Format Version 12.00
Project("{FAE04EC0-301F-11D3-BF4B-00C04F79EFBC}") = "BackPropagation", "BackPropagation\BackPropagation.csproj", "{6051DC60-3961-4972-A650-594C7F7B5E39}"
EndProject
Project("{FAE04EC0-301F-11D3-BF4B-00C04F79EFBC}") = "XOR", "XOR\XOR.csproj", "{6A8F6969-2220-458D-9B96-673063FC5355}"
EndProject
Global
	GlobalSection(SolutionConfigurationPlatforms) = preSolution
		Debug|Any CPU = Debug|Any CPU
		Release|Any CPU = Release|Any CPU
	EndGlobalSection
	GlobalSection(ProjectConfigurationPlatforms) = postSolution
		{6051DC60-3961-4972-A650-594C7F7B5E39}.Debug|Any CPU.ActiveCfg = Debug|Any CPU
		{6051DC60-3961-4972-A650-594C7F7B5E39}.Debug|Any CPU.Build.0 = Debug|Any CPU
		{6051DC60-3961-4972-A650-594C7F7B5E39}.Release|Any CPU.ActiveCfg = Release|Any CPU
		{6051DC60-3961-4972-A650-594C7F7B5E39}.Release|Any CPU.Build.0 = Release|Any CPU
		{6A8F6969-2220-458D-9B96-673063FC5355}.Debug|Any CPU.ActiveCfg = Debug|Any CPU
		{6A8F6969-2220-458D-9B96-673063FC5355}.Debug|Any CPU.Build.0 = Debug|Any CPU
		{6A8F6969-2220-458D-9B96-673063FC5355}.Release|Any CPU.ActiveCfg = Release|Any CPU
		{6A8F6969-2220-458D-9B96-673063FC5355}.Release|Any CPU.Build.0 = Release|Any CPU
	EndGlobalSection
EndGlobal
